
Microsoft Visual Studio Solution File, Format Version 12.00
# Visual Studio 15
VisualStudioVersion = 15.0.28307.329
MinimumVisualStudioVersion = 10.0.40219.1
Project("{FAE04EC0-301F-11D3-BF4B-00C04F79EFBC}") = "Zad1", "Zad1\Zad1.csproj", "{B40B8B58-3301-46BD-A279-FDF1B920C3C5}"
EndProject
Project("{FAE04EC0-301F-11D3-BF4B-00C04F79EFBC}") = "Zad2", "Zad2\Zad2.csproj", "{972B7657-5F60-4811-BEAB-40C3466E4AED}"
EndProject
Project("{FAE04EC0-301F-11D3-BF4B-00C04F79EFBC}") = "Zad3", "Zad3\Zad3.csproj", "{DCEF5706-CC69-425B-AC61-085FC0642542}"
EndProject
Global
	GlobalSection(SolutionConfigurationPlatforms) = preSolution
		Debug|Any CPU = Debug|Any CPU
		Release|Any CPU = Release|Any CPU
	EndGlobalSection
	GlobalSection(ProjectConfigurationPlatforms) = postSolution
		{B40B8B58-3301-46BD-A279-FDF1B920C3C5}.Debug|Any CPU.ActiveCfg = Debug|Any CPU
		{B40B8B58-3301-46BD-A279-FDF1B920C3C5}.Debug|Any CPU.Build.0 = Debug|Any CPU
		{B40B8B58-3301-46BD-A279-FDF1B920C3C5}.Release|Any CPU.ActiveCfg = Release|Any CPU
		{B40B8B58-3301-46BD-A279-FDF1B920C3C5}.Release|Any CPU.Build.0 = Release|Any CPU
		{972B7657-5F60-4811-BEAB-40C3466E4AED}.Debug|Any CPU.ActiveCfg = Debug|Any CPU
		{972B7657-5F60-4811-BEAB-40C3466E4AED}.Debug|Any CPU.Build.0 = Debug|Any CPU
		{972B7657-5F60-4811-BEAB-40C3466E4AED}.Release|Any CPU.ActiveCfg = Release|Any CPU
		{972B7657-5F60-4811-BEAB-40C3466E4AED}.Release|Any CPU.Build.0 = Release|Any CPU
		{DCEF5706-CC69-425B-AC61-085FC0642542}.Debug|Any CPU.ActiveCfg = Debug|Any CPU
		{DCEF5706-CC69-425B-AC61-085FC0642542}.Debug|Any CPU.Build.0 = Debug|Any CPU
		{DCEF5706-CC69-425B-AC61-085FC0642542}.Release|Any CPU.ActiveCfg = Release|Any CPU
		{DCEF5706-CC69-425B-AC61-085FC0642542}.Release|Any CPU.Build.0 = Release|Any CPU
	EndGlobalSection
	GlobalSection(SolutionProperties) = preSolution
		HideSolutionNode = FALSE
	EndGlobalSection
	GlobalSection(ExtensibilityGlobals) = postSolution
		SolutionGuid = {BCE95E99-0E8C-4DC8-82A7-5722ED709670}
	EndGlobalSection
EndGlobal
